
Microsoft Visual Studio Solution File, Format Version 12.00
# Visual Studio Version 16
VisualStudioVersion = 16.0.32106.194
MinimumVisualStudioVersion = 10.0.40219.1
Project("{FAE04EC0-301F-11D3-BF4B-00C04F79EFBC}") = "ODMissionStacker", "ODMissionStacker\ODMissionStacker.csproj", "{59359C02-6BE6-4FE0-A11C-8974AD46EA5E}"
EndProject
Global
	GlobalSection(SolutionConfigurationPlatforms) = preSolution
		Debug|Any CPU = Debug|Any CPU
		Release|Any CPU = Release|Any CPU
	EndGlobalSection
	GlobalSection(ProjectConfigurationPlatforms) = postSolution
		{59359C02-6BE6-4FE0-A11C-8974AD46EA5E}.Debug|Any CPU.ActiveCfg = Debug|Any CPU
		{59359C02-6BE6-4FE0-A11C-8974AD46EA5E}.Debug|Any CPU.Build.0 = Debug|Any CPU
		{59359C02-6BE6-4FE0-A11C-8974AD46EA5E}.Release|Any CPU.ActiveCfg = Release|Any CPU
		{59359C02-6BE6-4FE0-A11C-8974AD46EA5E}.Release|Any CPU.Build.0 = Release|Any CPU
	EndGlobalSection
	GlobalSection(SolutionProperties) = preSolution
		HideSolutionNode = FALSE
	EndGlobalSection
	GlobalSection(ExtensibilityGlobals) = postSolution
		SolutionGuid = {2AE2FB86-6FCC-4F2B-AE01-E536DD6A646A}
	EndGlobalSection
EndGlobal
